
Microsoft Visual Studio Solution File, Format Version 12.00
# Visual Studio Version 16
VisualStudioVersion = 16.0.30523.141
MinimumVisualStudioVersion = 10.0.40219.1
Project("{FAE04EC0-301F-11D3-BF4B-00C04F79EFBC}") = "Memory Cleaner Mini", "Memory Cleaner Mini\Memory Cleaner Mini.csproj", "{46D7D144-4F72-4BB9-B9C8-8E41C82F5BC5}"
EndProject
Global
	GlobalSection(SolutionConfigurationPlatforms) = preSolution
		Debug|Any CPU = Debug|Any CPU
		Release|Any CPU = Release|Any CPU
	EndGlobalSection
	GlobalSection(ProjectConfigurationPlatforms) = postSolution
		{46D7D144-4F72-4BB9-B9C8-8E41C82F5BC5}.Debug|Any CPU.ActiveCfg = Debug|Any CPU
		{46D7D144-4F72-4BB9-B9C8-8E41C82F5BC5}.Debug|Any CPU.Build.0 = Debug|Any CPU
		{46D7D144-4F72-4BB9-B9C8-8E41C82F5BC5}.Release|Any CPU.ActiveCfg = Release|Any CPU
		{46D7D144-4F72-4BB9-B9C8-8E41C82F5BC5}.Release|Any CPU.Build.0 = Release|Any CPU
	EndGlobalSection
	GlobalSection(SolutionProperties) = preSolution
		HideSolutionNode = FALSE
	EndGlobalSection
	GlobalSection(ExtensibilityGlobals) = postSolution
		SolutionGuid = {AAA79D48-9AB1-4B09-B869-5BFD633B5F86}
	EndGlobalSection
EndGlobal
